{
  "originHash" : "e97130af1dc149cc1a999a279a2b532887163f9a12661499e481934ebba0b834",
  "pins" : [
    {
      "identity" : "launchatlogin-modern",
      "kind" : "remoteSourceControl",
      "location" : "https://github.com/sindresorhus/LaunchAtLogin-Modern",
      "state" : {
        "revision" : "a04ec1c363be3627734f6dad757d82f5d4fa8fcc",
        "version" : "1.1.0"
      }
    },
    {
      "identity" : "swiftformat",
      "kind" : "remoteSourceControl",
      "location" : "http://github.com/nicklockwood/SwiftFormat",
      "state" : {
        "revision" : "ab6844edb79a7b88dc6320e6cee0a0db7674dac3",
        "version" : "0.54.5"
      }
    }
  ],
  "version" : 3
}
